// !$*UTF8*$!
{
	archiveVersion = 1;
	classes = {
	};
	objectVersion = 56;
	objects = {

/* Begin PBXBuildFile section */
		82F058CE2A010F410015480C /* CampusConnectApp.swift in Sources */ = {isa = PBXBuildFile; fileRef = 82F058CD2A010F410015480C /* CampusConnectApp.swift */; };
		82F058D02A010F410015480C /* ContentView.swift in Sources */ = {isa = PBXBuildFile; fileRef = 82F058CF2A010F410015480C /* ContentView.swift */; };
		82F058D22A010F420015480C /* Assets.xcassets in Resources */ = {isa = PBXBuildFile; fileRef = 82F058D12A010F420015480C /* Assets.xcassets */; };
		82F058D52A010F420015480C /* Preview Assets.xcassets in Resources */ = {isa = PBXBuildFile; fileRef = 82F058D42A010F420015480C /* Preview Assets.xcassets */; };
		E50D6B802A0216A200C43970 /* GoogleService-Info.plist in Resources */ = {isa = PBXBuildFile; fileRef = E50D6B7F2A0216A200C43970 /* GoogleService-Info.plist */; };
		E523A39B2A02247D00A81A14 /* FirebaseAnalytics in Frameworks */ = {isa = PBXBuildFile; productRef = E523A39A2A02247D00A81A14 /* FirebaseAnalytics */; };
		E523A39D2A02247D00A81A14 /* FirebaseAnalyticsSwift in Frameworks */ = {isa = PBXBuildFile; productRef = E523A39C2A02247D00A81A14 /* FirebaseAnalyticsSwift */; };
		E523A3A02A024D0D00A81A14 /* LoginView.swift in Sources */ = {isa = PBXBuildFile; fileRef = E523A39F2A024D0D00A81A14 /* LoginView.swift */; };
		E523A3A22A02629100A81A14 /* CreateAccountView.swift in Sources */ = {isa = PBXBuildFile; fileRef = E523A3A12A02629100A81A14 /* CreateAccountView.swift */; };
		E523A3A42A02725A00A81A14 /* AuthenticationManager.swift in Sources */ = {isa = PBXBuildFile; fileRef = E523A3A32A02725A00A81A14 /* AuthenticationManager.swift */; };
		E523A3A72A02782700A81A14 /* FirebaseAuth in Frameworks */ = {isa = PBXBuildFile; productRef = E523A3A62A02782700A81A14 /* FirebaseAuth */; };
		E523A3A92A02783D00A81A14 /* FirebaseFirestore in Frameworks */ = {isa = PBXBuildFile; productRef = E523A3A82A02783D00A81A14 /* FirebaseFirestore */; };
		E523A3AB2A02784900A81A14 /* FirebaseFirestoreSwift in Frameworks */ = {isa = PBXBuildFile; productRef = E523A3AA2A02784900A81A14 /* FirebaseFirestoreSwift */; };
		E53CBA782A1F639400FBE367 /* FirebaseStorage in Frameworks */ = {isa = PBXBuildFile; productRef = E53CBA772A1F639400FBE367 /* FirebaseStorage */; };
		E53CBA7D2A20352A00FBE367 /* MainView.swift in Sources */ = {isa = PBXBuildFile; fileRef = E53CBA7C2A20352A00FBE367 /* MainView.swift */; };
		E53CBA802A20365200FBE367 /* HomeView.swift in Sources */ = {isa = PBXBuildFile; fileRef = E53CBA7F2A20365200FBE367 /* HomeView.swift */; };
		E56A21D12A24628C00279853 /* FriendTagView.swift in Sources */ = {isa = PBXBuildFile; fileRef = E56A21D02A24628C00279853 /* FriendTagView.swift */; };
		E58F9AE62A078FB1007CF2AB /* ChangePasswordView.swift in Sources */ = {isa = PBXBuildFile; fileRef = E58F9AE52A078FB1007CF2AB /* ChangePasswordView.swift */; };
		E58F9AE82A079DC8007CF2AB /* CreateAccountViewModel.swift in Sources */ = {isa = PBXBuildFile; fileRef = E58F9AE72A079DC8007CF2AB /* CreateAccountViewModel.swift */; };
		E5934BA02A0B54F800383A01 /* ResetPasswordView.swift in Sources */ = {isa = PBXBuildFile; fileRef = E5934B9F2A0B54F800383A01 /* ResetPasswordView.swift */; };
		E5934BA42A0BA7AA00383A01 /* EmailReauthView.swift in Sources */ = {isa = PBXBuildFile; fileRef = E5934BA32A0BA7AA00383A01 /* EmailReauthView.swift */; };
		E597D6BB2A20A1150008C4B2 /* ChatTitleView.swift in Sources */ = {isa = PBXBuildFile; fileRef = E597D6BA2A20A1150008C4B2 /* ChatTitleView.swift */; };
		E597D6BE2A20AA910008C4B2 /* ChatView.swift in Sources */ = {isa = PBXBuildFile; fileRef = E597D6BD2A20AA910008C4B2 /* ChatView.swift */; };
		E597D6C02A20AD860008C4B2 /* MessageBubbleView.swift in Sources */ = {isa = PBXBuildFile; fileRef = E597D6BF2A20AD860008C4B2 /* MessageBubbleView.swift */; };
		E597D6C22A20C5D90008C4B2 /* MessageFieldView.swift in Sources */ = {isa = PBXBuildFile; fileRef = E597D6C12A20C5D90008C4B2 /* MessageFieldView.swift */; };
		E597D6C62A20F7170008C4B2 /* ChatManager.swift in Sources */ = {isa = PBXBuildFile; fileRef = E597D6C52A20F7170008C4B2 /* ChatManager.swift */; };
		E597D6C92A2210080008C4B2 /* StorageManager.swift in Sources */ = {isa = PBXBuildFile; fileRef = E597D6C82A2210080008C4B2 /* StorageManager.swift */; };
		E597D6CB2A226C1F0008C4B2 /* ProfileHeaderView.swift in Sources */ = {isa = PBXBuildFile; fileRef = E597D6CA2A226C1F0008C4B2 /* ProfileHeaderView.swift */; };
		E597D6CD2A22802B0008C4B2 /* EditProfileView.swift in Sources */ = {isa = PBXBuildFile; fileRef = E597D6CC2A22802B0008C4B2 /* EditProfileView.swift */; };
		E597D6CF2A2290DF0008C4B2 /* ProfileAvatarView.swift in Sources */ = {isa = PBXBuildFile; fileRef = E597D6CE2A2290DF0008C4B2 /* ProfileAvatarView.swift */; };
		E597D6D12A229B2F0008C4B2 /* AddFriendView.swift in Sources */ = {isa = PBXBuildFile; fileRef = E597D6D02A229B2F0008C4B2 /* AddFriendView.swift */; };
		E597D6D52A239ACA0008C4B2 /* ChannelView.swift in Sources */ = {isa = PBXBuildFile; fileRef = E597D6D42A239ACA0008C4B2 /* ChannelView.swift */; };
		E597D6D72A23A7B80008C4B2 /* FriendListView.swift in Sources */ = {isa = PBXBuildFile; fileRef = E597D6D62A23A7B80008C4B2 /* FriendListView.swift */; };
		E597D6D92A23C6470008C4B2 /* MessageGilmpseView.swift in Sources */ = {isa = PBXBuildFile; fileRef = E597D6D82A23C6470008C4B2 /* MessageGilmpseView.swift */; };
		E59B12F72A0537270079AA9E /* ProfileView.swift in Sources */ = {isa = PBXBuildFile; fileRef = E59B12F62A0537270079AA9E /* ProfileView.swift */; };
		E59B12FA2A053AE90079AA9E /* AccountView.swift in Sources */ = {isa = PBXBuildFile; fileRef = E59B12F92A053AE90079AA9E /* AccountView.swift */; };
		E59B12FD2A05514F0079AA9E /* UserManager.swift in Sources */ = {isa = PBXBuildFile; fileRef = E59B12FC2A05514F0079AA9E /* UserManager.swift */; };
		E59B13002A0696180079AA9E /* PasswordAndSecurityView.swift in Sources */ = {isa = PBXBuildFile; fileRef = E59B12FF2A0696180079AA9E /* PasswordAndSecurityView.swift */; };
		E59B13062A0751B80079AA9E /* LoginSheetView.swift in Sources */ = {isa = PBXBuildFile; fileRef = E59B13052A0751B70079AA9E /* LoginSheetView.swift */; };
		E59B13082A0752720079AA9E /* PasswordAndSecurityViewModel.swift in Sources */ = {isa = PBXBuildFile; fileRef = E59B13072A0752720079AA9E /* PasswordAndSecurityViewModel.swift */; };
		E5EA47DE2A02941300D2A5E7 /* RootView.swift in Sources */ = {isa = PBXBuildFile; fileRef = E5EA47DD2A02941300D2A5E7 /* RootView.swift */; };
		E5EA47E32A029D2B00D2A5E7 /* SettingsView.swift in Sources */ = {isa = PBXBuildFile; fileRef = E5EA47E22A029D2B00D2A5E7 /* SettingsView.swift */; };
/* End PBXBuildFile section */

/* Begin PBXFileReference section */
		82F058CA2A010F410015480C /* CampusConnect.app */ = {isa = PBXFileReference; explicitFileType = wrapper.application; includeInIndex = 0; path = CampusConnect.app; sourceTree = BUILT_PRODUCTS_DIR; };
		82F058CD2A010F410015480C /* CampusConnectApp.swift */ = {isa = PBXFileReference; lastKnownFileType = sourcecode.swift; path = CampusConnectApp.swift; sourceTree = "<group>"; };
		82F058CF2A010F410015480C /* ContentView.swift */ = {isa = PBXFileReference; lastKnownFileType = sourcecode.swift; path = ContentView.swift; sourceTree = "<group>"; };
		82F058D12A010F420015480C /* Assets.xcassets */ = {isa = PBXFileReference; lastKnownFileType = folder.assetcatalog; path = Assets.xcassets; sourceTree = "<group>"; };
		82F058D42A010F420015480C /* Preview Assets.xcassets */ = {isa = PBXFileReference; lastKnownFileType = folder.assetcatalog; path = "Preview Assets.xcassets"; sourceTree = "<group>"; };
		E50D6B7F2A0216A200C43970 /* GoogleService-Info.plist */ = {isa = PBXFileReference; fileEncoding = 4; lastKnownFileType = text.plist.xml; path = "GoogleService-Info.plist"; sourceTree = "<group>"; };
		E523A39F2A024D0D00A81A14 /* LoginView.swift */ = {isa = PBXFileReference; lastKnownFileType = sourcecode.swift; path = LoginView.swift; sourceTree = "<group>"; };
		E523A3A12A02629100A81A14 /* CreateAccountView.swift */ = {isa = PBXFileReference; lastKnownFileType = sourcecode.swift; path = CreateAccountView.swift; sourceTree = "<group>"; };
		E523A3A32A02725A00A81A14 /* AuthenticationManager.swift */ = {isa = PBXFileReference; lastKnownFileType = sourcecode.swift; path = AuthenticationManager.swift; sourceTree = "<group>"; };
		E53CBA7C2A20352A00FBE367 /* MainView.swift */ = {isa = PBXFileReference; lastKnownFileType = sourcecode.swift; path = MainView.swift; sourceTree = "<group>"; };
		E53CBA7F2A20365200FBE367 /* HomeView.swift */ = {isa = PBXFileReference; lastKnownFileType = sourcecode.swift; path = HomeView.swift; sourceTree = "<group>"; };
		E56A21D02A24628C00279853 /* FriendTagView.swift */ = {isa = PBXFileReference; lastKnownFileType = sourcecode.swift; path = FriendTagView.swift; sourceTree = "<group>"; };
		E58F9AE52A078FB1007CF2AB /* ChangePasswordView.swift */ = {isa = PBXFileReference; lastKnownFileType = sourcecode.swift; path = ChangePasswordView.swift; sourceTree = "<group>"; };
		E58F9AE72A079DC8007CF2AB /* CreateAccountViewModel.swift */ = {isa = PBXFileReference; lastKnownFileType = sourcecode.swift; path = CreateAccountViewModel.swift; sourceTree = "<group>"; };
		E5934B9F2A0B54F800383A01 /* ResetPasswordView.swift */ = {isa = PBXFileReference; lastKnownFileType = sourcecode.swift; path = ResetPasswordView.swift; sourceTree = "<group>"; };
		E5934BA32A0BA7AA00383A01 /* EmailReauthView.swift */ = {isa = PBXFileReference; lastKnownFileType = sourcecode.swift; path = EmailReauthView.swift; sourceTree = "<group>"; };
		E597D6BA2A20A1150008C4B2 /* ChatTitleView.swift */ = {isa = PBXFileReference; lastKnownFileType = sourcecode.swift; path = ChatTitleView.swift; sourceTree = "<group>"; };
		E597D6BD2A20AA910008C4B2 /* ChatView.swift */ = {isa = PBXFileReference; lastKnownFileType = sourcecode.swift; path = ChatView.swift; sourceTree = "<group>"; };
		E597D6BF2A20AD860008C4B2 /* MessageBubbleView.swift */ = {isa = PBXFileReference; lastKnownFileType = sourcecode.swift; path = MessageBubbleView.swift; sourceTree = "<group>"; };
		E597D6C12A20C5D90008C4B2 /* MessageFieldView.swift */ = {isa = PBXFileReference; lastKnownFileType = sourcecode.swift; path = MessageFieldView.swift; sourceTree = "<group>"; };
		E597D6C52A20F7170008C4B2 /* ChatManager.swift */ = {isa = PBXFileReference; lastKnownFileType = sourcecode.swift; path = ChatManager.swift; sourceTree = "<group>"; };
		E597D6C82A2210080008C4B2 /* StorageManager.swift */ = {isa = PBXFileReference; lastKnownFileType = sourcecode.swift; path = StorageManager.swift; sourceTree = "<group>"; };
		E597D6CA2A226C1F0008C4B2 /* ProfileHeaderView.swift */ = {isa = PBXFileReference; lastKnownFileType = sourcecode.swift; path = ProfileHeaderView.swift; sourceTree = "<group>"; };
		E597D6CC2A22802B0008C4B2 /* EditProfileView.swift */ = {isa = PBXFileReference; lastKnownFileType = sourcecode.swift; path = EditProfileView.swift; sourceTree = "<group>"; };
		E597D6CE2A2290DF0008C4B2 /* ProfileAvatarView.swift */ = {isa = PBXFileReference; lastKnownFileType = sourcecode.swift; path = ProfileAvatarView.swift; sourceTree = "<group>"; };
		E597D6D02A229B2F0008C4B2 /* AddFriendView.swift */ = {isa = PBXFileReference; lastKnownFileType = sourcecode.swift; path = AddFriendView.swift; sourceTree = "<group>"; };
		E597D6D42A239ACA0008C4B2 /* ChannelView.swift */ = {isa = PBXFileReference; lastKnownFileType = sourcecode.swift; path = ChannelView.swift; sourceTree = "<group>"; };
		E597D6D62A23A7B80008C4B2 /* FriendListView.swift */ = {isa = PBXFileReference; lastKnownFileType = sourcecode.swift; path = FriendListView.swift; sourceTree = "<group>"; };
		E597D6D82A23C6470008C4B2 /* MessageGilmpseView.swift */ = {isa = PBXFileReference; lastKnownFileType = sourcecode.swift; path = MessageGilmpseView.swift; sourceTree = "<group>"; };
		E59B12F62A0537270079AA9E /* ProfileView.swift */ = {isa = PBXFileReference; lastKnownFileType = sourcecode.swift; path = ProfileView.swift; sourceTree = "<group>"; };
		E59B12F92A053AE90079AA9E /* AccountView.swift */ = {isa = PBXFileReference; lastKnownFileType = sourcecode.swift; path = AccountView.swift; sourceTree = "<group>"; };
		E59B12FC2A05514F0079AA9E /* UserManager.swift */ = {isa = PBXFileReference; lastKnownFileType = sourcecode.swift; path = UserManager.swift; sourceTree = "<group>"; };
		E59B12FF2A0696180079AA9E /* PasswordAndSecurityView.swift */ = {isa = PBXFileReference; lastKnownFileType = sourcecode.swift; path = PasswordAndSecurityView.swift; sourceTree = "<group>"; };
		E59B13052A0751B70079AA9E /* LoginSheetView.swift */ = {isa = PBXFileReference; lastKnownFileType = sourcecode.swift; path = LoginSheetView.swift; sourceTree = "<group>"; };
		E59B13072A0752720079AA9E /* PasswordAndSecurityViewModel.swift */ = {isa = PBXFileReference; lastKnownFileType = sourcecode.swift; path = PasswordAndSecurityViewModel.swift; sourceTree = "<group>"; };
		E5EA47DD2A02941300D2A5E7 /* RootView.swift */ = {isa = PBXFileReference; lastKnownFileType = sourcecode.swift; path = RootView.swift; sourceTree = "<group>"; };
		E5EA47E22A029D2B00D2A5E7 /* SettingsView.swift */ = {isa = PBXFileReference; lastKnownFileType = sourcecode.swift; path = SettingsView.swift; sourceTree = "<group>"; };
/* End PBXFileReference section */

/* Begin PBXFrameworksBuildPhase section */
		82F058C72A010F410015480C /* Frameworks */ = {
			isa = PBXFrameworksBuildPhase;
			buildActionMask = 2147483647;
			files = (
				E523A3AB2A02784900A81A14 /* FirebaseFirestoreSwift in Frameworks */,
				E523A39D2A02247D00A81A14 /* FirebaseAnalyticsSwift in Frameworks */,
				E523A3A92A02783D00A81A14 /* FirebaseFirestore in Frameworks */,
				E523A3A72A02782700A81A14 /* FirebaseAuth in Frameworks */,
				E523A39B2A02247D00A81A14 /* FirebaseAnalytics in Frameworks */,
				E53CBA782A1F639400FBE367 /* FirebaseStorage in Frameworks */,
			);
			runOnlyForDeploymentPostprocessing = 0;
		};
/* End PBXFrameworksBuildPhase section */

/* Begin PBXGroup section */
		82F058C12A010F410015480C = {
			isa = PBXGroup;
			children = (
				82F058CC2A010F410015480C /* CampusConnect */,
				82F058CB2A010F410015480C /* Products */,
				E523A3A52A02782700A81A14 /* Frameworks */,
			);
			sourceTree = "<group>";
		};
		82F058CB2A010F410015480C /* Products */ = {
			isa = PBXGroup;
			children = (
				82F058CA2A010F410015480C /* CampusConnect.app */,
			);
			name = Products;
			sourceTree = "<group>";
		};
		82F058CC2A010F410015480C /* CampusConnect */ = {
			isa = PBXGroup;
			children = (
				82F058CD2A010F410015480C /* CampusConnectApp.swift */,
				82F058CF2A010F410015480C /* ContentView.swift */,
				E53CBA7E2A20355000FBE367 /* Root */,
				E523A39E2A024CC000A81A14 /* Authentication */,
				E597D6BC2A20AA670008C4B2 /* Chat */,
				E5EA47E12A029CA400D2A5E7 /* Settings */,
				E59B12F52A0536A90079AA9E /* Profile */,
				E59B12FE2A0694450079AA9E /* PasswordAndSecurity */,
				E59B12FB2A0550A90079AA9E /* FirestoreManager */,
				E597D6C72A220FAA0008C4B2 /* Storage */,
				E597D6B92A20A0D90008C4B2 /* Components */,
				82F058D12A010F420015480C /* Assets.xcassets */,
				E50D6B7F2A0216A200C43970 /* GoogleService-Info.plist */,
				82F058D32A010F420015480C /* Preview Content */,
			);
			path = CampusConnect;
			sourceTree = "<group>";
		};
		82F058D32A010F420015480C /* Preview Content */ = {
			isa = PBXGroup;
			children = (
				82F058D42A010F420015480C /* Preview Assets.xcassets */,
			);
			path = "Preview Content";
			sourceTree = "<group>";
		};
		E523A39E2A024CC000A81A14 /* Authentication */ = {
			isa = PBXGroup;
			children = (
				E523A39F2A024D0D00A81A14 /* LoginView.swift */,
				E58F9AE72A079DC8007CF2AB /* CreateAccountViewModel.swift */,
				E523A3A12A02629100A81A14 /* CreateAccountView.swift */,
				E5934B9F2A0B54F800383A01 /* ResetPasswordView.swift */,
				E523A3A32A02725A00A81A14 /* AuthenticationManager.swift */,
			);
			path = Authentication;
			sourceTree = "<group>";
		};
		E523A3A52A02782700A81A14 /* Frameworks */ = {
			isa = PBXGroup;
			children = (
			);
			name = Frameworks;
			sourceTree = "<group>";
		};
		E53CBA7E2A20355000FBE367 /* Root */ = {
			isa = PBXGroup;
			children = (
				E5EA47DD2A02941300D2A5E7 /* RootView.swift */,
				E53CBA7C2A20352A00FBE367 /* MainView.swift */,
				E53CBA7F2A20365200FBE367 /* HomeView.swift */,
				E597D6D42A239ACA0008C4B2 /* ChannelView.swift */,
			);
			path = Root;
			sourceTree = "<group>";
		};
		E597D6B92A20A0D90008C4B2 /* Components */ = {
			isa = PBXGroup;
			children = (
				E5FF1FE22A24AD2F00F6DA48 /* ProfileComponents */,
				E5FF1FE12A24AD0100F6DA48 /* ChatComponents */,
			);
			path = Components;
			sourceTree = "<group>";
		};
		E597D6BC2A20AA670008C4B2 /* Chat */ = {
			isa = PBXGroup;
			children = (
				E597D6BD2A20AA910008C4B2 /* ChatView.swift */,
			);
			path = Chat;
			sourceTree = "<group>";
		};
		E597D6C72A220FAA0008C4B2 /* Storage */ = {
			isa = PBXGroup;
			children = (
				E597D6C82A2210080008C4B2 /* StorageManager.swift */,
			);
			path = Storage;
			sourceTree = "<group>";
		};
		E59B12F52A0536A90079AA9E /* Profile */ = {
			isa = PBXGroup;
			children = (
				E59B12F62A0537270079AA9E /* ProfileView.swift */,
				E597D6CC2A22802B0008C4B2 /* EditProfileView.swift */,
				E597D6D02A229B2F0008C4B2 /* AddFriendView.swift */,
				E597D6D62A23A7B80008C4B2 /* FriendListView.swift */,
			);
			path = Profile;
			sourceTree = "<group>";
		};
		E59B12FB2A0550A90079AA9E /* FirestoreManager */ = {
			isa = PBXGroup;
			children = (
				E59B12FC2A05514F0079AA9E /* UserManager.swift */,
				E597D6C52A20F7170008C4B2 /* ChatManager.swift */,
			);
			path = FirestoreManager;
			sourceTree = "<group>";
		};
		E59B12FE2A0694450079AA9E /* PasswordAndSecurity */ = {
			isa = PBXGroup;
			children = (
				E59B13052A0751B70079AA9E /* LoginSheetView.swift */,
				E59B13072A0752720079AA9E /* PasswordAndSecurityViewModel.swift */,
				E59B12FF2A0696180079AA9E /* PasswordAndSecurityView.swift */,
				E58F9AE52A078FB1007CF2AB /* ChangePasswordView.swift */,
			);
			path = PasswordAndSecurity;
			sourceTree = "<group>";
		};
		E5EA47E12A029CA400D2A5E7 /* Settings */ = {
			isa = PBXGroup;
			children = (
				E5EA47E22A029D2B00D2A5E7 /* SettingsView.swift */,
				E59B12F92A053AE90079AA9E /* AccountView.swift */,
				E5934BA32A0BA7AA00383A01 /* EmailReauthView.swift */,
			);
			path = Settings;
			sourceTree = "<group>";
		};
		E5FF1FE12A24AD0100F6DA48 /* ChatComponents */ = {
			isa = PBXGroup;
			children = (
				E597D6BA2A20A1150008C4B2 /* ChatTitleView.swift */,
				E597D6BF2A20AD860008C4B2 /* MessageBubbleView.swift */,
				E597D6C12A20C5D90008C4B2 /* MessageFieldView.swift */,
				E597D6D82A23C6470008C4B2 /* MessageGilmpseView.swift */,
			);
			path = ChatComponents;
			sourceTree = "<group>";
		};
		E5FF1FE22A24AD2F00F6DA48 /* ProfileComponents */ = {
			isa = PBXGroup;
			children = (
				E56A21D02A24628C00279853 /* FriendTagView.swift */,
				E597D6CA2A226C1F0008C4B2 /* ProfileHeaderView.swift */,
				E597D6CE2A2290DF0008C4B2 /* ProfileAvatarView.swift */,
			);
			path = ProfileComponents;
			sourceTree = "<group>";
		};
/* End PBXGroup section */

/* Begin PBXNativeTarget section */
		82F058C92A010F410015480C /* CampusConnect */ = {
			isa = PBXNativeTarget;
			buildConfigurationList = 82F058D82A010F420015480C /* Build configuration list for PBXNativeTarget "CampusConnect" */;
			buildPhases = (
				82F058C62A010F410015480C /* Sources */,
				82F058C72A010F410015480C /* Frameworks */,
				82F058C82A010F410015480C /* Resources */,
			);
			buildRules = (
			);
			dependencies = (
			);
			name = CampusConnect;
			packageProductDependencies = (
				E523A39A2A02247D00A81A14 /* FirebaseAnalytics */,
				E523A39C2A02247D00A81A14 /* FirebaseAnalyticsSwift */,
				E523A3A62A02782700A81A14 /* FirebaseAuth */,
				E523A3A82A02783D00A81A14 /* FirebaseFirestore */,
				E523A3AA2A02784900A81A14 /* FirebaseFirestoreSwift */,
				E53CBA772A1F639400FBE367 /* FirebaseStorage */,
			);
			productName = CampusConnect;
			productReference = 82F058CA2A010F410015480C /* CampusConnect.app */;
			productType = "com.apple.product-type.application";
		};
/* End PBXNativeTarget section */

/* Begin PBXProject section */
		82F058C22A010F410015480C /* Project object */ = {
			isa = PBXProject;
			attributes = {
				BuildIndependentTargetsInParallel = 1;
				LastSwiftUpdateCheck = 1430;
				LastUpgradeCheck = 1430;
				TargetAttributes = {
					82F058C92A010F410015480C = {
						CreatedOnToolsVersion = 14.3;
					};
				};
			};
			buildConfigurationList = 82F058C52A010F410015480C /* Build configuration list for PBXProject "CampusConnect" */;
			compatibilityVersion = "Xcode 14.0";
			developmentRegion = en;
			hasScannedForEncodings = 0;
			knownRegions = (
				en,
				Base,
			);
			mainGroup = 82F058C12A010F410015480C;
			packageReferences = (
				E523A3992A02247D00A81A14 /* XCRemoteSwiftPackageReference "firebase-ios-sdk" */,
			);
			productRefGroup = 82F058CB2A010F410015480C /* Products */;
			projectDirPath = "";
			projectRoot = "";
			targets = (
				82F058C92A010F410015480C /* CampusConnect */,
			);
		};
/* End PBXProject section */

/* Begin PBXResourcesBuildPhase section */
		82F058C82A010F410015480C /* Resources */ = {
			isa = PBXResourcesBuildPhase;
			buildActionMask = 2147483647;
			files = (
				82F058D52A010F420015480C /* Preview Assets.xcassets in Resources */,
				82F058D22A010F420015480C /* Assets.xcassets in Resources */,
				E50D6B802A0216A200C43970 /* GoogleService-Info.plist in Resources */,
			);
			runOnlyForDeploymentPostprocessing = 0;
		};
/* End PBXResourcesBuildPhase section */

/* Begin PBXSourcesBuildPhase section */
		82F058C62A010F410015480C /* Sources */ = {
			isa = PBXSourcesBuildPhase;
			buildActionMask = 2147483647;
			files = (
				E59B12F72A0537270079AA9E /* ProfileView.swift in Sources */,
				E597D6C62A20F7170008C4B2 /* ChatManager.swift in Sources */,
				E58F9AE82A079DC8007CF2AB /* CreateAccountViewModel.swift in Sources */,
				E56A21D12A24628C00279853 /* FriendTagView.swift in Sources */,
				E5EA47E32A029D2B00D2A5E7 /* SettingsView.swift in Sources */,
				E597D6D92A23C6470008C4B2 /* MessageGilmpseView.swift in Sources */,
				E5934BA42A0BA7AA00383A01 /* EmailReauthView.swift in Sources */,
				E597D6BE2A20AA910008C4B2 /* ChatView.swift in Sources */,
				E59B13002A0696180079AA9E /* PasswordAndSecurityView.swift in Sources */,
				E53CBA7D2A20352A00FBE367 /* MainView.swift in Sources */,
				E597D6BB2A20A1150008C4B2 /* ChatTitleView.swift in Sources */,
				E523A3A02A024D0D00A81A14 /* LoginView.swift in Sources */,
				82F058D02A010F410015480C /* ContentView.swift in Sources */,
				E5EA47DE2A02941300D2A5E7 /* RootView.swift in Sources */,
				E58F9AE62A078FB1007CF2AB /* ChangePasswordView.swift in Sources */,
				E597D6CD2A22802B0008C4B2 /* EditProfileView.swift in Sources */,
				E597D6C22A20C5D90008C4B2 /* MessageFieldView.swift in Sources */,
				E597D6CB2A226C1F0008C4B2 /* ProfileHeaderView.swift in Sources */,
				E597D6D72A23A7B80008C4B2 /* FriendListView.swift in Sources */,
				E59B13062A0751B80079AA9E /* LoginSheetView.swift in Sources */,
				E597D6D12A229B2F0008C4B2 /* AddFriendView.swift in Sources */,
				E597D6D52A239ACA0008C4B2 /* ChannelView.swift in Sources */,
				E59B13082A0752720079AA9E /* PasswordAndSecurityViewModel.swift in Sources */,
				E523A3A22A02629100A81A14 /* CreateAccountView.swift in Sources */,
				E597D6CF2A2290DF0008C4B2 /* ProfileAvatarView.swift in Sources */,
				E597D6C02A20AD860008C4B2 /* MessageBubbleView.swift in Sources */,
				E59B12FA2A053AE90079AA9E /* AccountView.swift in Sources */,
				E523A3A42A02725A00A81A14 /* AuthenticationManager.swift in Sources */,
				E59B12FD2A05514F0079AA9E /* UserManager.swift in Sources */,
				82F058CE2A010F410015480C /* CampusConnectApp.swift in Sources */,
				E5934BA02A0B54F800383A01 /* ResetPasswordView.swift in Sources */,
				E53CBA802A20365200FBE367 /* HomeView.swift in Sources */,
				E597D6C92A2210080008C4B2 /* StorageManager.swift in Sources */,
			);
			runOnlyForDeploymentPostprocessing = 0;
		};
/* End PBXSourcesBuildPhase section */

/* Begin XCBuildConfiguration section */
		82F058D62A010F420015480C /* Debug */ = {
			isa = XCBuildConfiguration;
			buildSettings = {
				ALWAYS_SEARCH_USER_PATHS = NO;
				CLANG_ANALYZER_NONNULL = YES;
				CLANG_ANALYZER_NUMBER_OBJECT_CONVERSION = YES_AGGRESSIVE;
				CLANG_CXX_LANGUAGE_STANDARD = "gnu++20";
				CLANG_ENABLE_MODULES = YES;
				CLANG_ENABLE_OBJC_ARC = YES;
				CLANG_ENABLE_OBJC_WEAK = YES;
				CLANG_WARN_BLOCK_CAPTURE_AUTORELEASING = YES;
				CLANG_WARN_BOOL_CONVERSION = YES;
				CLANG_WARN_COMMA = YES;
				CLANG_WARN_CONSTANT_CONVERSION = YES;
				CLANG_WARN_DEPRECATED_OBJC_IMPLEMENTATIONS = YES;
				CLANG_WARN_DIRECT_OBJC_ISA_USAGE = YES_ERROR;
				CLANG_WARN_DOCUMENTATION_COMMENTS = YES;
				CLANG_WARN_EMPTY_BODY = YES;
				CLANG_WARN_ENUM_CONVERSION = YES;
				CLANG_WARN_INFINITE_RECURSION = YES;
				CLANG_WARN_INT_CONVERSION = YES;
				CLANG_WARN_NON_LITERAL_NULL_CONVERSION = YES;
				CLANG_WARN_OBJC_IMPLICIT_RETAIN_SELF = YES;
				CLANG_WARN_OBJC_LITERAL_CONVERSION = YES;
				CLANG_WARN_OBJC_ROOT_CLASS = YES_ERROR;
				CLANG_WARN_QUOTED_INCLUDE_IN_FRAMEWORK_HEADER = YES;
				CLANG_WARN_RANGE_LOOP_ANALYSIS = YES;
				CLANG_WARN_STRICT_PROTOTYPES = YES;
				CLANG_WARN_SUSPICIOUS_MOVE = YES;
				CLANG_WARN_UNGUARDED_AVAILABILITY = YES_AGGRESSIVE;
				CLANG_WARN_UNREACHABLE_CODE = YES;
				CLANG_WARN__DUPLICATE_METHOD_MATCH = YES;
				COPY_PHASE_STRIP = NO;
				DEBUG_INFORMATION_FORMAT = dwarf;
				ENABLE_STRICT_OBJC_MSGSEND = YES;
				ENABLE_TESTABILITY = YES;
				GCC_C_LANGUAGE_STANDARD = gnu11;
				GCC_DYNAMIC_NO_PIC = NO;
				GCC_NO_COMMON_BLOCKS = YES;
				GCC_OPTIMIZATION_LEVEL = 0;
				GCC_PREPROCESSOR_DEFINITIONS = (
					"DEBUG=1",
					"$(inherited)",
				);
				GCC_WARN_64_TO_32_BIT_CONVERSION = YES;
				GCC_WARN_ABOUT_RETURN_TYPE = YES_ERROR;
				GCC_WARN_UNDECLARED_SELECTOR = YES;
				GCC_WARN_UNINITIALIZED_AUTOS = YES_AGGRESSIVE;
				GCC_WARN_UNUSED_FUNCTION = YES;
				GCC_WARN_UNUSED_VARIABLE = YES;
				IPHONEOS_DEPLOYMENT_TARGET = 16.4;
				MTL_ENABLE_DEBUG_INFO = INCLUDE_SOURCE;
				MTL_FAST_MATH = YES;
				ONLY_ACTIVE_ARCH = YES;
				SDKROOT = iphoneos;
				SWIFT_ACTIVE_COMPILATION_CONDITIONS = DEBUG;
				SWIFT_OPTIMIZATION_LEVEL = "-Onone";
			};
			name = Debug;
		};
		82F058D72A010F420015480C /* Release */ = {
			isa = XCBuildConfiguration;
			buildSettings = {
				ALWAYS_SEARCH_USER_PATHS = NO;
				CLANG_ANALYZER_NONNULL = YES;
				CLANG_ANALYZER_NUMBER_OBJECT_CONVERSION = YES_AGGRESSIVE;
				CLANG_CXX_LANGUAGE_STANDARD = "gnu++20";
				CLANG_ENABLE_MODULES = YES;
				CLANG_ENABLE_OBJC_ARC = YES;
				CLANG_ENABLE_OBJC_WEAK = YES;
				CLANG_WARN_BLOCK_CAPTURE_AUTORELEASING = YES;
				CLANG_WARN_BOOL_CONVERSION = YES;
				CLANG_WARN_COMMA = YES;
				CLANG_WARN_CONSTANT_CONVERSION = YES;
				CLANG_WARN_DEPRECATED_OBJC_IMPLEMENTATIONS = YES;
				CLANG_WARN_DIRECT_OBJC_ISA_USAGE = YES_ERROR;
				CLANG_WARN_DOCUMENTATION_COMMENTS = YES;
				CLANG_WARN_EMPTY_BODY = YES;
				CLANG_WARN_ENUM_CONVERSION = YES;
				CLANG_WARN_INFINITE_RECURSION = YES;
				CLANG_WARN_INT_CONVERSION = YES;
				CLANG_WARN_NON_LITERAL_NULL_CONVERSION = YES;
				CLANG_WARN_OBJC_IMPLICIT_RETAIN_SELF = YES;
				CLANG_WARN_OBJC_LITERAL_CONVERSION = YES;
				CLANG_WARN_OBJC_ROOT_CLASS = YES_ERROR;
				CLANG_WARN_QUOTED_INCLUDE_IN_FRAMEWORK_HEADER = YES;
				CLANG_WARN_RANGE_LOOP_ANALYSIS = YES;
				CLANG_WARN_STRICT_PROTOTYPES = YES;
				CLANG_WARN_SUSPICIOUS_MOVE = YES;
				CLANG_WARN_UNGUARDED_AVAILABILITY = YES_AGGRESSIVE;
				CLANG_WARN_UNREACHABLE_CODE = YES;
				CLANG_WARN__DUPLICATE_METHOD_MATCH = YES;
				COPY_PHASE_STRIP = NO;
				DEBUG_INFORMATION_FORMAT = "dwarf-with-dsym";
				ENABLE_NS_ASSERTIONS = NO;
				ENABLE_STRICT_OBJC_MSGSEND = YES;
				GCC_C_LANGUAGE_STANDARD = gnu11;
				GCC_NO_COMMON_BLOCKS = YES;
				GCC_WARN_64_TO_32_BIT_CONVERSION = YES;
				GCC_WARN_ABOUT_RETURN_TYPE = YES_ERROR;
				GCC_WARN_UNDECLARED_SELECTOR = YES;
				GCC_WARN_UNINITIALIZED_AUTOS = YES_AGGRESSIVE;
				GCC_WARN_UNUSED_FUNCTION = YES;
				GCC_WARN_UNUSED_VARIABLE = YES;
				IPHONEOS_DEPLOYMENT_TARGET = 16.4;
				MTL_ENABLE_DEBUG_INFO = NO;
				MTL_FAST_MATH = YES;
				SDKROOT = iphoneos;
				SWIFT_COMPILATION_MODE = wholemodule;
				SWIFT_OPTIMIZATION_LEVEL = "-O";
				VALIDATE_PRODUCT = YES;
			};
			name = Release;
		};
		82F058D92A010F420015480C /* Debug */ = {
			isa = XCBuildConfiguration;
			buildSettings = {
				ASSETCATALOG_COMPILER_APPICON_NAME = AppIcon;
				ASSETCATALOG_COMPILER_GLOBAL_ACCENT_COLOR_NAME = AccentColor;
				CODE_SIGN_STYLE = Automatic;
				CURRENT_PROJECT_VERSION = 1;
				DEVELOPMENT_ASSET_PATHS = "\"CampusConnect/Preview Content\"";
				ENABLE_PREVIEWS = YES;
				GENERATE_INFOPLIST_FILE = YES;
				INFOPLIST_KEY_UIApplicationSceneManifest_Generation = YES;
				INFOPLIST_KEY_UIApplicationSupportsIndirectInputEvents = YES;
				INFOPLIST_KEY_UILaunchScreen_Generation = YES;
				INFOPLIST_KEY_UISupportedInterfaceOrientations_iPad = "UIInterfaceOrientationPortrait UIInterfaceOrientationPortraitUpsideDown UIInterfaceOrientationLandscapeLeft UIInterfaceOrientationLandscapeRight";
				INFOPLIST_KEY_UISupportedInterfaceOrientations_iPhone = "UIInterfaceOrientationPortrait UIInterfaceOrientationLandscapeLeft UIInterfaceOrientationLandscapeRight";
				IPHONEOS_DEPLOYMENT_TARGET = 16.2;
				LD_RUNPATH_SEARCH_PATHS = (
					"$(inherited)",
					"@executable_path/Frameworks",
				);
				MARKETING_VERSION = 1.0;
				PRODUCT_BUNDLE_IDENTIFIER = kr.ac.knu.2023MobileAppProg2.CampusConnect;
				PRODUCT_NAME = "$(TARGET_NAME)";
				SWIFT_EMIT_LOC_STRINGS = YES;
				SWIFT_VERSION = 5.0;
				TARGETED_DEVICE_FAMILY = "1,2";
			};
			name = Debug;
		};
		82F058DA2A010F420015480C /* Release */ = {
			isa = XCBuildConfiguration;
			buildSettings = {
				ASSETCATALOG_COMPILER_APPICON_NAME = AppIcon;
				ASSETCATALOG_COMPILER_GLOBAL_ACCENT_COLOR_NAME = AccentColor;
				CODE_SIGN_STYLE = Automatic;
				CURRENT_PROJECT_VERSION = 1;
				DEVELOPMENT_ASSET_PATHS = "\"CampusConnect/Preview Content\"";
				ENABLE_PREVIEWS = YES;
				GENERATE_INFOPLIST_FILE = YES;
				INFOPLIST_KEY_UIApplicationSceneManifest_Generation = YES;
				INFOPLIST_KEY_UIApplicationSupportsIndirectInputEvents = YES;
				INFOPLIST_KEY_UILaunchScreen_Generation = YES;
				INFOPLIST_KEY_UISupportedInterfaceOrientations_iPad = "UIInterfaceOrientationPortrait UIInterfaceOrientationPortraitUpsideDown UIInterfaceOrientationLandscapeLeft UIInterfaceOrientationLandscapeRight";
				INFOPLIST_KEY_UISupportedInterfaceOrientations_iPhone = "UIInterfaceOrientationPortrait UIInterfaceOrientationLandscapeLeft UIInterfaceOrientationLandscapeRight";
				IPHONEOS_DEPLOYMENT_TARGET = 16.2;
				LD_RUNPATH_SEARCH_PATHS = (
					"$(inherited)",
					"@executable_path/Frameworks",
				);
				MARKETING_VERSION = 1.0;
				PRODUCT_BUNDLE_IDENTIFIER = kr.ac.knu.2023MobileAppProg2.CampusConnect;
				PRODUCT_NAME = "$(TARGET_NAME)";
				SWIFT_EMIT_LOC_STRINGS = YES;
				SWIFT_VERSION = 5.0;
				TARGETED_DEVICE_FAMILY = "1,2";
			};
			name = Release;
		};
/* End XCBuildConfiguration section */

/* Begin XCConfigurationList section */
		82F058C52A010F410015480C /* Build configuration list for PBXProject "CampusConnect" */ = {
			isa = XCConfigurationList;
			buildConfigurations = (
				82F058D62A010F420015480C /* Debug */,
				82F058D72A010F420015480C /* Release */,
			);
			defaultConfigurationIsVisible = 0;
			defaultConfigurationName = Release;
		};
		82F058D82A010F420015480C /* Build configuration list for PBXNativeTarget "CampusConnect" */ = {
			isa = XCConfigurationList;
			buildConfigurations = (
				82F058D92A010F420015480C /* Debug */,
				82F058DA2A010F420015480C /* Release */,
			);
			defaultConfigurationIsVisible = 0;
			defaultConfigurationName = Release;
		};
/* End XCConfigurationList section */

/* Begin XCRemoteSwiftPackageReference section */
		E523A3992A02247D00A81A14 /* XCRemoteSwiftPackageReference "firebase-ios-sdk" */ = {
			isa = XCRemoteSwiftPackageReference;
			repositoryURL = "https://github.com/firebase/firebase-ios-sdk";
			requirement = {
				kind = exactVersion;
				version = 10.9.0;
			};
		};
/* End XCRemoteSwiftPackageReference section */

/* Begin XCSwiftPackageProductDependency section */
		E523A39A2A02247D00A81A14 /* FirebaseAnalytics */ = {
			isa = XCSwiftPackageProductDependency;
			package = E523A3992A02247D00A81A14 /* XCRemoteSwiftPackageReference "firebase-ios-sdk" */;
			productName = FirebaseAnalytics;
		};
		E523A39C2A02247D00A81A14 /* FirebaseAnalyticsSwift */ = {
			isa = XCSwiftPackageProductDependency;
			package = E523A3992A02247D00A81A14 /* XCRemoteSwiftPackageReference "firebase-ios-sdk" */;
			productName = FirebaseAnalyticsSwift;
		};
		E523A3A62A02782700A81A14 /* FirebaseAuth */ = {
			isa = XCSwiftPackageProductDependency;
			package = E523A3992A02247D00A81A14 /* XCRemoteSwiftPackageReference "firebase-ios-sdk" */;
			productName = FirebaseAuth;
		};
		E523A3A82A02783D00A81A14 /* FirebaseFirestore */ = {
			isa = XCSwiftPackageProductDependency;
			package = E523A3992A02247D00A81A14 /* XCRemoteSwiftPackageReference "firebase-ios-sdk" */;
			productName = FirebaseFirestore;
		};
		E523A3AA2A02784900A81A14 /* FirebaseFirestoreSwift */ = {
			isa = XCSwiftPackageProductDependency;
			package = E523A3992A02247D00A81A14 /* XCRemoteSwiftPackageReference "firebase-ios-sdk" */;
			productName = FirebaseFirestoreSwift;
		};
		E53CBA772A1F639400FBE367 /* FirebaseStorage */ = {
			isa = XCSwiftPackageProductDependency;
			package = E523A3992A02247D00A81A14 /* XCRemoteSwiftPackageReference "firebase-ios-sdk" */;
			productName = FirebaseStorage;
		};
/* End XCSwiftPackageProductDependency section */
	};
	rootObject = 82F058C22A010F410015480C /* Project object */;
}
